
Microsoft Visual Studio Solution File, Format Version 12.00
# Visual Studio 15
VisualStudioVersion = 15.0.28010.2003
MinimumVisualStudioVersion = 10.0.40219.1
Project("{FAE04EC0-301F-11D3-BF4B-00C04F79EFBC}") = "MyAppFramework", "MyFramework\MyAppFramework.csproj", "{F55A8F29-10A8-4F50-92DA-2CDAC20509B8}"
EndProject
Project("{FAE04EC0-301F-11D3-BF4B-00C04F79EFBC}") = "MyAppUnitTests", "MyUnitTests\MyAppUnitTests.csproj", "{BB7B4E14-7815-4232-9219-6ED1878A6EF3}"
EndProject
Global
	GlobalSection(SolutionConfigurationPlatforms) = preSolution
		Debug|Any CPU = Debug|Any CPU
		Release|Any CPU = Release|Any CPU
	EndGlobalSection
	GlobalSection(ProjectConfigurationPlatforms) = postSolution
		{F55A8F29-10A8-4F50-92DA-2CDAC20509B8}.Debug|Any CPU.ActiveCfg = Debug|Any CPU
		{F55A8F29-10A8-4F50-92DA-2CDAC20509B8}.Debug|Any CPU.Build.0 = Debug|Any CPU
		{F55A8F29-10A8-4F50-92DA-2CDAC20509B8}.Release|Any CPU.ActiveCfg = Release|Any CPU
		{F55A8F29-10A8-4F50-92DA-2CDAC20509B8}.Release|Any CPU.Build.0 = Release|Any CPU
		{BB7B4E14-7815-4232-9219-6ED1878A6EF3}.Debug|Any CPU.ActiveCfg = Debug|Any CPU
		{BB7B4E14-7815-4232-9219-6ED1878A6EF3}.Debug|Any CPU.Build.0 = Debug|Any CPU
		{BB7B4E14-7815-4232-9219-6ED1878A6EF3}.Release|Any CPU.ActiveCfg = Release|Any CPU
		{BB7B4E14-7815-4232-9219-6ED1878A6EF3}.Release|Any CPU.Build.0 = Release|Any CPU
	EndGlobalSection
	GlobalSection(SolutionProperties) = preSolution
		HideSolutionNode = FALSE
	EndGlobalSection
	GlobalSection(ExtensibilityGlobals) = postSolution
		SolutionGuid = {DC743D85-613A-4C4A-808D-3D36D805F98F}
	EndGlobalSection
EndGlobal
